// !$*UTF8*$!
{
	archiveVersion = 1;
	classes = {
	};
	objectVersion = 50;
	objects = {

/* Begin PBXBuildFile section */
		141164B220B51E0600430BDB /* AppDelegate.swift in Sources */ = {isa = PBXBuildFile; fileRef = 141164B120B51E0600430BDB /* AppDelegate.swift */; };
		141164B420B51E0600430BDB /* ViewController.swift in Sources */ = {isa = PBXBuildFile; fileRef = 141164B320B51E0600430BDB /* ViewController.swift */; };
		141164B720B51E0600430BDB /* Main.storyboard in Resources */ = {isa = PBXBuildFile; fileRef = 141164B520B51E0600430BDB /* Main.storyboard */; };
		141164B920B51E0900430BDB /* Assets.xcassets in Resources */ = {isa = PBXBuildFile; fileRef = 141164B820B51E0900430BDB /* Assets.xcassets */; };
		141164BC20B51E0900430BDB /* LaunchScreen.storyboard in Resources */ = {isa = PBXBuildFile; fileRef = 141164BA20B51E0900430BDB /* LaunchScreen.storyboard */; };
		1452210D20B5B80B00E6A9EB /* IIAutoDetectorCapture.swift in Sources */ = {isa = PBXBuildFile; fileRef = 1452210C20B5B80B00E6A9EB /* IIAutoDetectorCapture.swift */; };
/* End PBXBuildFile section */

/* Begin PBXFileReference section */
		141164AE20B51E0600430BDB /* CaptureDetector.app */ = {isa = PBXFileReference; explicitFileType = wrapper.application; includeInIndex = 0; path = CaptureDetector.app; sourceTree = BUILT_PRODUCTS_DIR; };
		141164B120B51E0600430BDB /* AppDelegate.swift */ = {isa = PBXFileReference; lastKnownFileType = sourcecode.swift; path = AppDelegate.swift; sourceTree = "<group>"; };
		141164B320B51E0600430BDB /* ViewController.swift */ = {isa = PBXFileReference; lastKnownFileType = sourcecode.swift; path = ViewController.swift; sourceTree = "<group>"; };
		141164B620B51E0600430BDB /* Base */ = {isa = PBXFileReference; lastKnownFileType = file.storyboard; name = Base; path = Base.lproj/Main.storyboard; sourceTree = "<group>"; };
		141164B820B51E0900430BDB /* Assets.xcassets */ = {isa = PBXFileReference; lastKnownFileType = folder.assetcatalog; path = Assets.xcassets; sourceTree = "<group>"; };
		141164BB20B51E0900430BDB /* Base */ = {isa = PBXFileReference; lastKnownFileType = file.storyboard; name = Base; path = Base.lproj/LaunchScreen.storyboard; sourceTree = "<group>"; };
		141164BD20B51E0900430BDB /* Info.plist */ = {isa = PBXFileReference; lastKnownFileType = text.plist.xml; path = Info.plist; sourceTree = "<group>"; };
		1452210C20B5B80B00E6A9EB /* IIAutoDetectorCapture.swift */ = {isa = PBXFileReference; lastKnownFileType = sourcecode.swift; path = IIAutoDetectorCapture.swift; sourceTree = "<group>"; };
/* End PBXFileReference section */

/* Begin PBXFrameworksBuildPhase section */
		141164AB20B51E0600430BDB /* Frameworks */ = {
			isa = PBXFrameworksBuildPhase;
			buildActionMask = 2147483647;
			files = (
			);
			runOnlyForDeploymentPostprocessing = 0;
		};
/* End PBXFrameworksBuildPhase section */

/* Begin PBXGroup section */
		141164A520B51E0600430BDB = {
			isa = PBXGroup;
			children = (
				141164B020B51E0600430BDB /* CaptureDetector */,
				141164AF20B51E0600430BDB /* Products */,
			);
			sourceTree = "<group>";
		};
		141164AF20B51E0600430BDB /* Products */ = {
			isa = PBXGroup;
			children = (
				141164AE20B51E0600430BDB /* CaptureDetector.app */,
			);
			name = Products;
			sourceTree = "<group>";
		};
		141164B020B51E0600430BDB /* CaptureDetector */ = {
			isa = PBXGroup;
			children = (
				141164B120B51E0600430BDB /* AppDelegate.swift */,
				141164B320B51E0600430BDB /* ViewController.swift */,
				1452210C20B5B80B00E6A9EB /* IIAutoDetectorCapture.swift */,
				141164B520B51E0600430BDB /* Main.storyboard */,
				141164B820B51E0900430BDB /* Assets.xcassets */,
				141164BA20B51E0900430BDB /* LaunchScreen.storyboard */,
				141164BD20B51E0900430BDB /* Info.plist */,
			);
			path = CaptureDetector;
			sourceTree = "<group>";
		};
/* End PBXGroup section */

/* Begin PBXNativeTarget section */
		141164AD20B51E0600430BDB /* CaptureDetector */ = {
			isa = PBXNativeTarget;
			buildConfigurationList = 141164C020B51E0900430BDB /* Build configuration list for PBXNativeTarget "CaptureDetector" */;
			buildPhases = (
				141164AA20B51E0600430BDB /* Sources */,
				141164AB20B51E0600430BDB /* Frameworks */,
				141164AC20B51E0600430BDB /* Resources */,
			);
			buildRules = (
			);
			dependencies = (
			);
			name = CaptureDetector;
			productName = CaptureDetector;
			productReference = 141164AE20B51E0600430BDB /* CaptureDetector.app */;
			productType = "com.apple.product-type.application";
		};
/* End PBXNativeTarget section */

/* Begin PBXProject section */
		141164A620B51E0600430BDB /* Project object */ = {
			isa = PBXProject;
			attributes = {
				LastSwiftUpdateCheck = 0930;
				LastUpgradeCheck = 0930;
				ORGANIZATIONNAME = iceboxi;
				TargetAttributes = {
					141164AD20B51E0600430BDB = {
						CreatedOnToolsVersion = 9.3;
					};
				};
			};
			buildConfigurationList = 141164A920B51E0600430BDB /* Build configuration list for PBXProject "CaptureDetector" */;
			compatibilityVersion = "Xcode 9.3";
			developmentRegion = en;
			hasScannedForEncodings = 0;
			knownRegions = (
				en,
				Base,
			);
			mainGroup = 141164A520B51E0600430BDB;
			productRefGroup = 141164AF20B51E0600430BDB /* Products */;
			projectDirPath = "";
			projectRoot = "";
			targets = (
				141164AD20B51E0600430BDB /* CaptureDetector */,
			);
		};
/* End PBXProject section */

/* Begin PBXResourcesBuildPhase section */
		141164AC20B51E0600430BDB /* Resources */ = {
			isa = PBXResourcesBuildPhase;
			buildActionMask = 2147483647;
			files = (
				141164BC20B51E0900430BDB /* LaunchScreen.storyboard in Resources */,
				141164B920B51E0900430BDB /* Assets.xcassets in Resources */,
				141164B720B51E0600430BDB /* Main.storyboard in Resources */,
			);
			runOnlyForDeploymentPostprocessing = 0;
		};
/* End PBXResourcesBuildPhase section */

/* Begin PBXSourcesBuildPhase section */
		141164AA20B51E0600430BDB /* Sources */ = {
			isa = PBXSourcesBuildPhase;
			buildActionMask = 2147483647;
			files = (
				141164B420B51E0600430BDB /* ViewController.swift in Sources */,
				1452210D20B5B80B00E6A9EB /* IIAutoDetectorCapture.swift in Sources */,
				141164B220B51E0600430BDB /* AppDelegate.swift in Sources */,
			);
			runOnlyForDeploymentPostprocessing = 0;
		};
/* End PBXSourcesBuildPhase section */

/* Begin PBXVariantGroup section */
		141164B520B51E0600430BDB /* Main.storyboard */ = {
			isa = PBXVariantGroup;
			children = (
				141164B620B51E0600430BDB /* Base */,
			);
			name = Main.storyboard;
			sourceTree = "<group>";
		};
		141164BA20B51E0900430BDB /* LaunchScreen.storyboard */ = {
			isa = PBXVariantGroup;
			children = (
				141164BB20B51E0900430BDB /* Base */,
			);
			name = LaunchScreen.storyboard;
			sourceTree = "<group>";
		};
/* End PBXVariantGroup section */

/* Begin XCBuildConfiguration section */
		141164BE20B51E0900430BDB /* Debug */ = {
			isa = XCBuildConfiguration;
			buildSettings = {
				ALWAYS_SEARCH_USER_PATHS = NO;
				CLANG_ANALYZER_NONNULL = YES;
				CLANG_ANALYZER_NUMBER_OBJECT_CONVERSION = YES_AGGRESSIVE;
				CLANG_CXX_LANGUAGE_STANDARD = "gnu++14";
				CLANG_CXX_LIBRARY = "libc++";
				CLANG_ENABLE_MODULES = YES;
				CLANG_ENABLE_OBJC_ARC = YES;
				CLANG_ENABLE_OBJC_WEAK = YES;
				CLANG_WARN_BLOCK_CAPTURE_AUTORELEASING = YES;
				CLANG_WARN_BOOL_CONVERSION = YES;
				CLANG_WARN_COMMA = YES;
				CLANG_WARN_CONSTANT_CONVERSION = YES;
				CLANG_WARN_DEPRECATED_OBJC_IMPLEMENTATIONS = YES;
				CLANG_WARN_DIRECT_OBJC_ISA_USAGE = YES_ERROR;
				CLANG_WARN_DOCUMENTATION_COMMENTS = YES;
				CLANG_WARN_EMPTY_BODY = YES;
				CLANG_WARN_ENUM_CONVERSION = YES;
				CLANG_WARN_INFINITE_RECURSION = YES;
				CLANG_WARN_INT_CONVERSION = YES;
				CLANG_WARN_NON_LITERAL_NULL_CONVERSION = YES;
				CLANG_WARN_OBJC_IMPLICIT_RETAIN_SELF = YES;
				CLANG_WARN_OBJC_LITERAL_CONVERSION = YES;
				CLANG_WARN_OBJC_ROOT_CLASS = YES_ERROR;
				CLANG_WARN_RANGE_LOOP_ANALYSIS = YES;
				CLANG_WARN_STRICT_PROTOTYPES = YES;
				CLANG_WARN_SUSPICIOUS_MOVE = YES;
				CLANG_WARN_UNGUARDED_AVAILABILITY = YES_AGGRESSIVE;
				CLANG_WARN_UNREACHABLE_CODE = YES;
				CLANG_WARN__DUPLICATE_METHOD_MATCH = YES;
				CODE_SIGN_IDENTITY = "iPhone Developer";
				COPY_PHASE_STRIP = NO;
				DEBUG_INFORMATION_FORMAT = dwarf;
				ENABLE_STRICT_OBJC_MSGSEND = YES;
				ENABLE_TESTABILITY = YES;
				GCC_C_LANGUAGE_STANDARD = gnu11;
				GCC_DYNAMIC_NO_PIC = NO;
				GCC_NO_COMMON_BLOCKS = YES;
				GCC_OPTIMIZATION_LEVEL = 0;
				GCC_PREPROCESSOR_DEFINITIONS = (
					"DEBUG=1",
					"$(inherited)",
				);
				GCC_WARN_64_TO_32_BIT_CONVERSION = YES;
				GCC_WARN_ABOUT_RETURN_TYPE = YES_ERROR;
				GCC_WARN_UNDECLARED_SELECTOR = YES;
				GCC_WARN_UNINITIALIZED_AUTOS = YES_AGGRESSIVE;
				GCC_WARN_UNUSED_FUNCTION = YES;
				GCC_WARN_UNUSED_VARIABLE = YES;
				IPHONEOS_DEPLOYMENT_TARGET = 11.3;
				MTL_ENABLE_DEBUG_INFO = YES;
				ONLY_ACTIVE_ARCH = YES;
				SDKROOT = iphoneos;
				SWIFT_ACTIVE_COMPILATION_CONDITIONS = DEBUG;
				SWIFT_OPTIMIZATION_LEVEL = "-Onone";
			};
			name = Debug;
		};
		141164BF20B51E0900430BDB /* Release */ = {
			isa = XCBuildConfiguration;
			buildSettings = {
				ALWAYS_SEARCH_USER_PATHS = NO;
				CLANG_ANALYZER_NONNULL = YES;
				CLANG_ANALYZER_NUMBER_OBJECT_CONVERSION = YES_AGGRESSIVE;
				CLANG_CXX_LANGUAGE_STANDARD = "gnu++14";
				CLANG_CXX_LIBRARY = "libc++";
				CLANG_ENABLE_MODULES = YES;
				CLANG_ENABLE_OBJC_ARC = YES;
				CLANG_ENABLE_OBJC_WEAK = YES;
				CLANG_WARN_BLOCK_CAPTURE_AUTORELEASING = YES;
				CLANG_WARN_BOOL_CONVERSION = YES;
				CLANG_WARN_COMMA = YES;
				CLANG_WARN_CONSTANT_CONVERSION = YES;
				CLANG_WARN_DEPRECATED_OBJC_IMPLEMENTATIONS = YES;
				CLANG_WARN_DIRECT_OBJC_ISA_USAGE = YES_ERROR;
				CLANG_WARN_DOCUMENTATION_COMMENTS = YES;
				CLANG_WARN_EMPTY_BODY = YES;
				CLANG_WARN_ENUM_CONVERSION = YES;
				CLANG_WARN_INFINITE_RECURSION = YES;
				CLANG_WARN_INT_CONVERSION = YES;
				CLANG_WARN_NON_LITERAL_NULL_CONVERSION = YES;
				CLANG_WARN_OBJC_IMPLICIT_RETAIN_SELF = YES;
				CLANG_WARN_OBJC_LITERAL_CONVERSION = YES;
				CLANG_WARN_OBJC_ROOT_CLASS = YES_ERROR;
				CLANG_WARN_RANGE_LOOP_ANALYSIS = YES;
				CLANG_WARN_STRICT_PROTOTYPES = YES;
				CLANG_WARN_SUSPICIOUS_MOVE = YES;
				CLANG_WARN_UNGUARDED_AVAILABILITY = YES_AGGRESSIVE;
				CLANG_WARN_UNREACHABLE_CODE = YES;
				CLANG_WARN__DUPLICATE_METHOD_MATCH = YES;
				CODE_SIGN_IDENTITY = "iPhone Developer";
				COPY_PHASE_STRIP = NO;
				DEBUG_INFORMATION_FORMAT = "dwarf-with-dsym";
				ENABLE_NS_ASSERTIONS = NO;
				ENABLE_STRICT_OBJC_MSGSEND = YES;
				GCC_C_LANGUAGE_STANDARD = gnu11;
				GCC_NO_COMMON_BLOCKS = YES;
				GCC_WARN_64_TO_32_BIT_CONVERSION = YES;
				GCC_WARN_ABOUT_RETURN_TYPE = YES_ERROR;
				GCC_WARN_UNDECLARED_SELECTOR = YES;
				GCC_WARN_UNINITIALIZED_AUTOS = YES_AGGRESSIVE;
				GCC_WARN_UNUSED_FUNCTION = YES;
				GCC_WARN_UNUSED_VARIABLE = YES;
				IPHONEOS_DEPLOYMENT_TARGET = 11.3;
				MTL_ENABLE_DEBUG_INFO = NO;
				SDKROOT = iphoneos;
				SWIFT_COMPILATION_MODE = wholemodule;
				SWIFT_OPTIMIZATION_LEVEL = "-O";
				VALIDATE_PRODUCT = YES;
			};
			name = Release;
		};
		141164C120B51E0900430BDB /* Debug */ = {
			isa = XCBuildConfiguration;
			buildSettings = {
				ASSETCATALOG_COMPILER_APPICON_NAME = AppIcon;
				CODE_SIGN_STYLE = Manual;
				DEVELOPMENT_TEAM = 3JV32ZE9SY;
				INFOPLIST_FILE = CaptureDetector/Info.plist;
				IPHONEOS_DEPLOYMENT_TARGET = 9.0;
				LD_RUNPATH_SEARCH_PATHS = (
					"$(inherited)",
					"@executable_path/Frameworks",
				);
				PRODUCT_BUNDLE_IDENTIFIER = iceboxi.sample.CaptureDetector;
				PRODUCT_NAME = "$(TARGET_NAME)";
				PROVISIONING_PROFILE = "73653b44-c306-4dee-9e11-5b9848d32d2d";
				PROVISIONING_PROFILE_SPECIFIER = all;
				SWIFT_VERSION = 4.0;
				TARGETED_DEVICE_FAMILY = "1,2";
			};
			name = Debug;
		};
		141164C220B51E0900430BDB /* Release */ = {
			isa = XCBuildConfiguration;
			buildSettings = {
				ASSETCATALOG_COMPILER_APPICON_NAME = AppIcon;
				CODE_SIGN_STYLE = Manual;
				DEVELOPMENT_TEAM = "";
				INFOPLIST_FILE = CaptureDetector/Info.plist;
				IPHONEOS_DEPLOYMENT_TARGET = 9.0;
				LD_RUNPATH_SEARCH_PATHS = (
					"$(inherited)",
					"@executable_path/Frameworks",
				);
				PRODUCT_BUNDLE_IDENTIFIER = iceboxi.sample.CaptureDetector;
				PRODUCT_NAME = "$(TARGET_NAME)";
				PROVISIONING_PROFILE_SPECIFIER = "";
				SWIFT_VERSION = 4.0;
				TARGETED_DEVICE_FAMILY = "1,2";
			};
			name = Release;
		};
/* End XCBuildConfiguration section */

/* Begin XCConfigurationList section */
		141164A920B51E0600430BDB /* Build configuration list for PBXProject "CaptureDetector" */ = {
			isa = XCConfigurationList;
			buildConfigurations = (
				141164BE20B51E0900430BDB /* Debug */,
				141164BF20B51E0900430BDB /* Release */,
			);
			defaultConfigurationIsVisible = 0;
			defaultConfigurationName = Release;
		};
		141164C020B51E0900430BDB /* Build configuration list for PBXNativeTarget "CaptureDetector" */ = {
			isa = XCConfigurationList;
			buildConfigurations = (
				141164C120B51E0900430BDB /* Debug */,
				141164C220B51E0900430BDB /* Release */,
			);
			defaultConfigurationIsVisible = 0;
			defaultConfigurationName = Release;
		};
/* End XCConfigurationList section */
	};
	rootObject = 141164A620B51E0600430BDB /* Project object */;
}
